// !$*UTF8*$!
{
	archiveVersion = 1;
	classes = {
	};
	objectVersion = 50;
	objects = {

/* Begin PBXBuildFile section */
		74998D38221E8FF800A59531 /* AppDelegate.m in Sources */ = {isa = PBXBuildFile; fileRef = 74998D37221E8FF800A59531 /* AppDelegate.m */; };
		74998D3B221E8FF800A59531 /* ViewController.m in Sources */ = {isa = PBXBuildFile; fileRef = 74998D3A221E8FF800A59531 /* ViewController.m */; };
		74998D3E221E8FF800A59531 /* Main.storyboard in Resources */ = {isa = PBXBuildFile; fileRef = 74998D3C221E8FF800A59531 /* Main.storyboard */; };
		74998D40221E8FF800A59531 /* Assets.xcassets in Resources */ = {isa = PBXBuildFile; fileRef = 74998D3F221E8FF800A59531 /* Assets.xcassets */; };
		74998D43221E8FF800A59531 /* LaunchScreen.storyboard in Resources */ = {isa = PBXBuildFile; fileRef = 74998D41221E8FF800A59531 /* LaunchScreen.storyboard */; };
		74998D46221E8FF800A59531 /* main.m in Sources */ = {isa = PBXBuildFile; fileRef = 74998D45221E8FF800A59531 /* main.m */; };
		74998D50221E8FF900A59531 /* JMExtensionTests.m in Sources */ = {isa = PBXBuildFile; fileRef = 74998D4F221E8FF900A59531 /* JMExtensionTests.m */; };
		74998D5B221E8FF900A59531 /* JMExtensionUITests.m in Sources */ = {isa = PBXBuildFile; fileRef = 74998D5A221E8FF900A59531 /* JMExtensionUITests.m */; };
		74998DCF221FEB7300A59531 /* CALayer+JMXibBorderColor.m in Sources */ = {isa = PBXBuildFile; fileRef = 74998DB2221FEB7300A59531 /* CALayer+JMXibBorderColor.m */; };
		74998DD0221FEB7300A59531 /* UIImage+JMMake.m in Sources */ = {isa = PBXBuildFile; fileRef = 74998DB3221FEB7300A59531 /* UIImage+JMMake.m */; };
		74998DD1221FEB7300A59531 /* UIView+JMFrame.m in Sources */ = {isa = PBXBuildFile; fileRef = 74998DB5221FEB7300A59531 /* UIView+JMFrame.m */; };
		74998DD2221FEB7300A59531 /* NSObject+JMSwizzle.m in Sources */ = {isa = PBXBuildFile; fileRef = 74998DB8221FEB7300A59531 /* NSObject+JMSwizzle.m */; };
		74998DD3221FEB7300A59531 /* UIButton+JMPosition.m in Sources */ = {isa = PBXBuildFile; fileRef = 74998DC2221FEB7300A59531 /* UIButton+JMPosition.m */; };
		74998DD4221FEB7300A59531 /* NSArray+JMSafe.m in Sources */ = {isa = PBXBuildFile; fileRef = 74998DC3221FEB7300A59531 /* NSArray+JMSafe.m */; };
		74998DD5221FEB7300A59531 /* NSString+JMCheckUp.m in Sources */ = {isa = PBXBuildFile; fileRef = 74998DC4221FEB7300A59531 /* NSString+JMCheckUp.m */; };
		74998DD6221FEB7300A59531 /* NSMutableArray+JMSafe.m in Sources */ = {isa = PBXBuildFile; fileRef = 74998DC5221FEB7300A59531 /* NSMutableArray+JMSafe.m */; };
		74998DD7221FEB7300A59531 /* NSMutableDictionary+JMSafe.m in Sources */ = {isa = PBXBuildFile; fileRef = 74998DC7221FEB7300A59531 /* NSMutableDictionary+JMSafe.m */; };
		74998DD8221FEB7300A59531 /* UIView+JMAdaptScreen.m in Sources */ = {isa = PBXBuildFile; fileRef = 74998DC8221FEB7300A59531 /* UIView+JMAdaptScreen.m */; };
		74998DD9221FEB7300A59531 /* CALayer+JMKeyPath.m in Sources */ = {isa = PBXBuildFile; fileRef = 74998DCA221FEB7300A59531 /* CALayer+JMKeyPath.m */; };
		74998DDA221FEB7300A59531 /* NSLayoutConstraint+JMDesignable.m in Sources */ = {isa = PBXBuildFile; fileRef = 74998DCC221FEB7300A59531 /* NSLayoutConstraint+JMDesignable.m */; };
		74998DDB221FEB7300A59531 /* NSBundle+JMSource.m in Sources */ = {isa = PBXBuildFile; fileRef = 74998DCD221FEB7300A59531 /* NSBundle+JMSource.m */; };
		74998DDC221FEB7300A59531 /* UITextField+JMStyle.m in Sources */ = {isa = PBXBuildFile; fileRef = 74998DCE221FEB7300A59531 /* UITextField+JMStyle.m */; };
/* End PBXBuildFile section */

/* Begin PBXContainerItemProxy section */
		74998D4C221E8FF900A59531 /* PBXContainerItemProxy */ = {
			isa = PBXContainerItemProxy;
			containerPortal = 74998D2B221E8FF800A59531 /* Project object */;
			proxyType = 1;
			remoteGlobalIDString = 74998D32221E8FF800A59531;
			remoteInfo = JMExtension;
		};
		74998D57221E8FF900A59531 /* PBXContainerItemProxy */ = {
			isa = PBXContainerItemProxy;
			containerPortal = 74998D2B221E8FF800A59531 /* Project object */;
			proxyType = 1;
			remoteGlobalIDString = 74998D32221E8FF800A59531;
			remoteInfo = JMExtension;
		};
/* End PBXContainerItemProxy section */

/* Begin PBXFileReference section */
		74998D33221E8FF800A59531 /* JMExtension.app */ = {isa = PBXFileReference; explicitFileType = wrapper.application; includeInIndex = 0; path = JMExtension.app; sourceTree = BUILT_PRODUCTS_DIR; };
		74998D36221E8FF800A59531 /* AppDelegate.h */ = {isa = PBXFileReference; lastKnownFileType = sourcecode.c.h; path = AppDelegate.h; sourceTree = "<group>"; };
		74998D37221E8FF800A59531 /* AppDelegate.m */ = {isa = PBXFileReference; lastKnownFileType = sourcecode.c.objc; path = AppDelegate.m; sourceTree = "<group>"; };
		74998D39221E8FF800A59531 /* ViewController.h */ = {isa = PBXFileReference; lastKnownFileType = sourcecode.c.h; path = ViewController.h; sourceTree = "<group>"; };
		74998D3A221E8FF800A59531 /* ViewController.m */ = {isa = PBXFileReference; lastKnownFileType = sourcecode.c.objc; path = ViewController.m; sourceTree = "<group>"; };
		74998D3D221E8FF800A59531 /* Base */ = {isa = PBXFileReference; lastKnownFileType = file.storyboard; name = Base; path = Base.lproj/Main.storyboard; sourceTree = "<group>"; };
		74998D3F221E8FF800A59531 /* Assets.xcassets */ = {isa = PBXFileReference; lastKnownFileType = folder.assetcatalog; path = Assets.xcassets; sourceTree = "<group>"; };
		74998D42221E8FF800A59531 /* Base */ = {isa = PBXFileReference; lastKnownFileType = file.storyboard; name = Base; path = Base.lproj/LaunchScreen.storyboard; sourceTree = "<group>"; };
		74998D44221E8FF800A59531 /* Info.plist */ = {isa = PBXFileReference; lastKnownFileType = text.plist.xml; path = Info.plist; sourceTree = "<group>"; };
		74998D45221E8FF800A59531 /* main.m */ = {isa = PBXFileReference; lastKnownFileType = sourcecode.c.objc; path = main.m; sourceTree = "<group>"; };
		74998D4B221E8FF900A59531 /* JMExtensionTests.xctest */ = {isa = PBXFileReference; explicitFileType = wrapper.cfbundle; includeInIndex = 0; path = JMExtensionTests.xctest; sourceTree = BUILT_PRODUCTS_DIR; };
		74998D4F221E8FF900A59531 /* JMExtensionTests.m */ = {isa = PBXFileReference; lastKnownFileType = sourcecode.c.objc; path = JMExtensionTests.m; sourceTree = "<group>"; };
		74998D51221E8FF900A59531 /* Info.plist */ = {isa = PBXFileReference; lastKnownFileType = text.plist.xml; path = Info.plist; sourceTree = "<group>"; };
		74998D56221E8FF900A59531 /* JMExtensionUITests.xctest */ = {isa = PBXFileReference; explicitFileType = wrapper.cfbundle; includeInIndex = 0; path = JMExtensionUITests.xctest; sourceTree = BUILT_PRODUCTS_DIR; };
		74998D5A221E8FF900A59531 /* JMExtensionUITests.m */ = {isa = PBXFileReference; lastKnownFileType = sourcecode.c.objc; path = JMExtensionUITests.m; sourceTree = "<group>"; };
		74998D5C221E8FF900A59531 /* Info.plist */ = {isa = PBXFileReference; lastKnownFileType = text.plist.xml; path = Info.plist; sourceTree = "<group>"; };
		74998DB2221FEB7300A59531 /* CALayer+JMXibBorderColor.m */ = {isa = PBXFileReference; fileEncoding = 4; lastKnownFileType = sourcecode.c.objc; path = "CALayer+JMXibBorderColor.m"; sourceTree = "<group>"; };
		74998DB3221FEB7300A59531 /* UIImage+JMMake.m */ = {isa = PBXFileReference; fileEncoding = 4; lastKnownFileType = sourcecode.c.objc; path = "UIImage+JMMake.m"; sourceTree = "<group>"; };
		74998DB4221FEB7300A59531 /* CALayer+JMKeyPath.h */ = {isa = PBXFileReference; fileEncoding = 4; lastKnownFileType = sourcecode.c.h; path = "CALayer+JMKeyPath.h"; sourceTree = "<group>"; };
		74998DB5221FEB7300A59531 /* UIView+JMFrame.m */ = {isa = PBXFileReference; fileEncoding = 4; lastKnownFileType = sourcecode.c.objc; path = "UIView+JMFrame.m"; sourceTree = "<group>"; };
		74998DB6221FEB7300A59531 /* NSMutableDictionary+JMSafe.h */ = {isa = PBXFileReference; fileEncoding = 4; lastKnownFileType = sourcecode.c.h; path = "NSMutableDictionary+JMSafe.h"; sourceTree = "<group>"; };
		74998DB7221FEB7300A59531 /* UIView+JMAdaptScreen.h */ = {isa = PBXFileReference; fileEncoding = 4; lastKnownFileType = sourcecode.c.h; path = "UIView+JMAdaptScreen.h"; sourceTree = "<group>"; };
		74998DB8221FEB7300A59531 /* NSObject+JMSwizzle.m */ = {isa = PBXFileReference; fileEncoding = 4; lastKnownFileType = sourcecode.c.objc; path = "NSObject+JMSwizzle.m"; sourceTree = "<group>"; };
		74998DB9221FEB7300A59531 /* NSMutableArray+JMSafe.h */ = {isa = PBXFileReference; fileEncoding = 4; lastKnownFileType = sourcecode.c.h; path = "NSMutableArray+JMSafe.h"; sourceTree = "<group>"; };
		74998DBA221FEB7300A59531 /* NSString+JMCheckUp.h */ = {isa = PBXFileReference; fileEncoding = 4; lastKnownFileType = sourcecode.c.h; path = "NSString+JMCheckUp.h"; sourceTree = "<group>"; };
		74998DBB221FEB7300A59531 /* UIButton+JMPosition.h */ = {isa = PBXFileReference; fileEncoding = 4; lastKnownFileType = sourcecode.c.h; path = "UIButton+JMPosition.h"; sourceTree = "<group>"; };
		74998DBC221FEB7300A59531 /* NSArray+JMSafe.h */ = {isa = PBXFileReference; fileEncoding = 4; lastKnownFileType = sourcecode.c.h; path = "NSArray+JMSafe.h"; sourceTree = "<group>"; };
		74998DBD221FEB7300A59531 /* JMEMacro.h */ = {isa = PBXFileReference; fileEncoding = 4; lastKnownFileType = sourcecode.c.h; path = JMEMacro.h; sourceTree = "<group>"; };
		74998DBE221FEB7300A59531 /* UITextField+JMStyle.h */ = {isa = PBXFileReference; fileEncoding = 4; lastKnownFileType = sourcecode.c.h; path = "UITextField+JMStyle.h"; sourceTree = "<group>"; };
		74998DBF221FEB7300A59531 /* NSBundle+JMSource.h */ = {isa = PBXFileReference; fileEncoding = 4; lastKnownFileType = sourcecode.c.h; path = "NSBundle+JMSource.h"; sourceTree = "<group>"; };
		74998DC0221FEB7300A59531 /* NSLayoutConstraint+JMDesignable.h */ = {isa = PBXFileReference; fileEncoding = 4; lastKnownFileType = sourcecode.c.h; path = "NSLayoutConstraint+JMDesignable.h"; sourceTree = "<group>"; };
		74998DC1221FEB7300A59531 /* CALayer+JMXibBorderColor.h */ = {isa = PBXFileReference; fileEncoding = 4; lastKnownFileType = sourcecode.c.h; path = "CALayer+JMXibBorderColor.h"; sourceTree = "<group>"; };
		74998DC2221FEB7300A59531 /* UIButton+JMPosition.m */ = {isa = PBXFileReference; fileEncoding = 4; lastKnownFileType = sourcecode.c.objc; path = "UIButton+JMPosition.m"; sourceTree = "<group>"; };
		74998DC3221FEB7300A59531 /* NSArray+JMSafe.m */ = {isa = PBXFileReference; fileEncoding = 4; lastKnownFileType = sourcecode.c.objc; path = "NSArray+JMSafe.m"; sourceTree = "<group>"; };
		74998DC4221FEB7300A59531 /* NSString+JMCheckUp.m */ = {isa = PBXFileReference; fileEncoding = 4; lastKnownFileType = sourcecode.c.objc; path = "NSString+JMCheckUp.m"; sourceTree = "<group>"; };
		74998DC5221FEB7300A59531 /* NSMutableArray+JMSafe.m */ = {isa = PBXFileReference; fileEncoding = 4; lastKnownFileType = sourcecode.c.objc; path = "NSMutableArray+JMSafe.m"; sourceTree = "<group>"; };
		74998DC6221FEB7300A59531 /* NSObject+JMSwizzle.h */ = {isa = PBXFileReference; fileEncoding = 4; lastKnownFileType = sourcecode.c.h; path = "NSObject+JMSwizzle.h"; sourceTree = "<group>"; };
		74998DC7221FEB7300A59531 /* NSMutableDictionary+JMSafe.m */ = {isa = PBXFileReference; fileEncoding = 4; lastKnownFileType = sourcecode.c.objc; path = "NSMutableDictionary+JMSafe.m"; sourceTree = "<group>"; };
		74998DC8221FEB7300A59531 /* UIView+JMAdaptScreen.m */ = {isa = PBXFileReference; fileEncoding = 4; lastKnownFileType = sourcecode.c.objc; path = "UIView+JMAdaptScreen.m"; sourceTree = "<group>"; };
		74998DC9221FEB7300A59531 /* UIView+JMFrame.h */ = {isa = PBXFileReference; fileEncoding = 4; lastKnownFileType = sourcecode.c.h; path = "UIView+JMFrame.h"; sourceTree = "<group>"; };
		74998DCA221FEB7300A59531 /* CALayer+JMKeyPath.m */ = {isa = PBXFileReference; fileEncoding = 4; lastKnownFileType = sourcecode.c.objc; path = "CALayer+JMKeyPath.m"; sourceTree = "<group>"; };
		74998DCB221FEB7300A59531 /* UIImage+JMMake.h */ = {isa = PBXFileReference; fileEncoding = 4; lastKnownFileType = sourcecode.c.h; path = "UIImage+JMMake.h"; sourceTree = "<group>"; };
		74998DCC221FEB7300A59531 /* NSLayoutConstraint+JMDesignable.m */ = {isa = PBXFileReference; fileEncoding = 4; lastKnownFileType = sourcecode.c.objc; path = "NSLayoutConstraint+JMDesignable.m"; sourceTree = "<group>"; };
		74998DCD221FEB7300A59531 /* NSBundle+JMSource.m */ = {isa = PBXFileReference; fileEncoding = 4; lastKnownFileType = sourcecode.c.objc; path = "NSBundle+JMSource.m"; sourceTree = "<group>"; };
		74998DCE221FEB7300A59531 /* UITextField+JMStyle.m */ = {isa = PBXFileReference; fileEncoding = 4; lastKnownFileType = sourcecode.c.objc; path = "UITextField+JMStyle.m"; sourceTree = "<group>"; };
/* End PBXFileReference section */

/* Begin PBXFrameworksBuildPhase section */
		74998D30221E8FF800A59531 /* Frameworks */ = {
			isa = PBXFrameworksBuildPhase;
			buildActionMask = 2147483647;
			files = (
			);
			runOnlyForDeploymentPostprocessing = 0;
		};
		74998D48221E8FF900A59531 /* Frameworks */ = {
			isa = PBXFrameworksBuildPhase;
			buildActionMask = 2147483647;
			files = (
			);
			runOnlyForDeploymentPostprocessing = 0;
		};
		74998D53221E8FF900A59531 /* Frameworks */ = {
			isa = PBXFrameworksBuildPhase;
			buildActionMask = 2147483647;
			files = (
			);
			runOnlyForDeploymentPostprocessing = 0;
		};
/* End PBXFrameworksBuildPhase section */

/* Begin PBXGroup section */
		74998D2A221E8FF800A59531 = {
			isa = PBXGroup;
			children = (
				74998D35221E8FF800A59531 /* JMExtension */,
				74998D4E221E8FF900A59531 /* JMExtensionTests */,
				74998D59221E8FF900A59531 /* JMExtensionUITests */,
				74998D34221E8FF800A59531 /* Products */,
			);
			sourceTree = "<group>";
		};
		74998D34221E8FF800A59531 /* Products */ = {
			isa = PBXGroup;
			children = (
				74998D33221E8FF800A59531 /* JMExtension.app */,
				74998D4B221E8FF900A59531 /* JMExtensionTests.xctest */,
				74998D56221E8FF900A59531 /* JMExtensionUITests.xctest */,
			);
			name = Products;
			sourceTree = "<group>";
		};
		74998D35221E8FF800A59531 /* JMExtension */ = {
			isa = PBXGroup;
			children = (
				74998DB1221FEB7300A59531 /* SDK */,
				74998D36221E8FF800A59531 /* AppDelegate.h */,
				74998D37221E8FF800A59531 /* AppDelegate.m */,
				74998D39221E8FF800A59531 /* ViewController.h */,
				74998D3A221E8FF800A59531 /* ViewController.m */,
				74998D3C221E8FF800A59531 /* Main.storyboard */,
				74998D3F221E8FF800A59531 /* Assets.xcassets */,
				74998D41221E8FF800A59531 /* LaunchScreen.storyboard */,
				74998D44221E8FF800A59531 /* Info.plist */,
				74998D45221E8FF800A59531 /* main.m */,
			);
			path = JMExtension;
			sourceTree = "<group>";
		};
		74998D4E221E8FF900A59531 /* JMExtensionTests */ = {
			isa = PBXGroup;
			children = (
				74998D4F221E8FF900A59531 /* JMExtensionTests.m */,
				74998D51221E8FF900A59531 /* Info.plist */,
			);
			path = JMExtensionTests;
			sourceTree = "<group>";
		};
		74998D59221E8FF900A59531 /* JMExtensionUITests */ = {
			isa = PBXGroup;
			children = (
				74998D5A221E8FF900A59531 /* JMExtensionUITests.m */,
				74998D5C221E8FF900A59531 /* Info.plist */,
			);
			path = JMExtensionUITests;
			sourceTree = "<group>";
		};
		74998DB1221FEB7300A59531 /* SDK */ = {
			isa = PBXGroup;
			children = (
				74998DB2221FEB7300A59531 /* CALayer+JMXibBorderColor.m */,
				74998DB3221FEB7300A59531 /* UIImage+JMMake.m */,
				74998DB4221FEB7300A59531 /* CALayer+JMKeyPath.h */,
				74998DB5221FEB7300A59531 /* UIView+JMFrame.m */,
				74998DB6221FEB7300A59531 /* NSMutableDictionary+JMSafe.h */,
				74998DB7221FEB7300A59531 /* UIView+JMAdaptScreen.h */,
				74998DB8221FEB7300A59531 /* NSObject+JMSwizzle.m */,
				74998DB9221FEB7300A59531 /* NSMutableArray+JMSafe.h */,
				74998DBA221FEB7300A59531 /* NSString+JMCheckUp.h */,
				74998DBB221FEB7300A59531 /* UIButton+JMPosition.h */,
				74998DBC221FEB7300A59531 /* NSArray+JMSafe.h */,
				74998DBD221FEB7300A59531 /* JMEMacro.h */,
				74998DBE221FEB7300A59531 /* UITextField+JMStyle.h */,
				74998DBF221FEB7300A59531 /* NSBundle+JMSource.h */,
				74998DC0221FEB7300A59531 /* NSLayoutConstraint+JMDesignable.h */,
				74998DC1221FEB7300A59531 /* CALayer+JMXibBorderColor.h */,
				74998DC2221FEB7300A59531 /* UIButton+JMPosition.m */,
				74998DC3221FEB7300A59531 /* NSArray+JMSafe.m */,
				74998DC4221FEB7300A59531 /* NSString+JMCheckUp.m */,
				74998DC5221FEB7300A59531 /* NSMutableArray+JMSafe.m */,
				74998DC6221FEB7300A59531 /* NSObject+JMSwizzle.h */,
				74998DC7221FEB7300A59531 /* NSMutableDictionary+JMSafe.m */,
				74998DC8221FEB7300A59531 /* UIView+JMAdaptScreen.m */,
				74998DC9221FEB7300A59531 /* UIView+JMFrame.h */,
				74998DCA221FEB7300A59531 /* CALayer+JMKeyPath.m */,
				74998DCB221FEB7300A59531 /* UIImage+JMMake.h */,
				74998DCC221FEB7300A59531 /* NSLayoutConstraint+JMDesignable.m */,
				74998DCD221FEB7300A59531 /* NSBundle+JMSource.m */,
				74998DCE221FEB7300A59531 /* UITextField+JMStyle.m */,
			);
			name = SDK;
			path = ../../SDK;
			sourceTree = "<group>";
		};
/* End PBXGroup section */

/* Begin PBXNativeTarget section */
		74998D32221E8FF800A59531 /* JMExtension */ = {
			isa = PBXNativeTarget;
			buildConfigurationList = 74998D5F221E8FF900A59531 /* Build configuration list for PBXNativeTarget "JMExtension" */;
			buildPhases = (
				74998D2F221E8FF800A59531 /* Sources */,
				74998D30221E8FF800A59531 /* Frameworks */,
				74998D31221E8FF800A59531 /* Resources */,
			);
			buildRules = (
			);
			dependencies = (
			);
			name = JMExtension;
			productName = JMExtension;
			productReference = 74998D33221E8FF800A59531 /* JMExtension.app */;
			productType = "com.apple.product-type.application";
		};
		74998D4A221E8FF900A59531 /* JMExtensionTests */ = {
			isa = PBXNativeTarget;
			buildConfigurationList = 74998D62221E8FF900A59531 /* Build configuration list for PBXNativeTarget "JMExtensionTests" */;
			buildPhases = (
				74998D47221E8FF900A59531 /* Sources */,
				74998D48221E8FF900A59531 /* Frameworks */,
				74998D49221E8FF900A59531 /* Resources */,
			);
			buildRules = (
			);
			dependencies = (
				74998D4D221E8FF900A59531 /* PBXTargetDependency */,
			);
			name = JMExtensionTests;
			productName = JMExtensionTests;
			productReference = 74998D4B221E8FF900A59531 /* JMExtensionTests.xctest */;
			productType = "com.apple.product-type.bundle.unit-test";
		};
		74998D55221E8FF900A59531 /* JMExtensionUITests */ = {
			isa = PBXNativeTarget;
			buildConfigurationList = 74998D65221E8FF900A59531 /* Build configuration list for PBXNativeTarget "JMExtensionUITests" */;
			buildPhases = (
				74998D52221E8FF900A59531 /* Sources */,
				74998D53221E8FF900A59531 /* Frameworks */,
				74998D54221E8FF900A59531 /* Resources */,
			);
			buildRules = (
			);
			dependencies = (
				74998D58221E8FF900A59531 /* PBXTargetDependency */,
			);
			name = JMExtensionUITests;
			productName = JMExtensionUITests;
			productReference = 74998D56221E8FF900A59531 /* JMExtensionUITests.xctest */;
			productType = "com.apple.product-type.bundle.ui-testing";
		};
/* End PBXNativeTarget section */

/* Begin PBXProject section */
		74998D2B221E8FF800A59531 /* Project object */ = {
			isa = PBXProject;
			attributes = {
				LastUpgradeCheck = 1010;
				ORGANIZATIONNAME = "山神";
				TargetAttributes = {
					74998D32221E8FF800A59531 = {
						CreatedOnToolsVersion = 10.1;
					};
					74998D4A221E8FF900A59531 = {
						CreatedOnToolsVersion = 10.1;
						TestTargetID = 74998D32221E8FF800A59531;
					};
					74998D55221E8FF900A59531 = {
						CreatedOnToolsVersion = 10.1;
						TestTargetID = 74998D32221E8FF800A59531;
					};
				};
			};
			buildConfigurationList = 74998D2E221E8FF800A59531 /* Build configuration list for PBXProject "JMExtension" */;
			compatibilityVersion = "Xcode 9.3";
			developmentRegion = en;
			hasScannedForEncodings = 0;
			knownRegions = (
				en,
				Base,
			);
			mainGroup = 74998D2A221E8FF800A59531;
			productRefGroup = 74998D34221E8FF800A59531 /* Products */;
			projectDirPath = "";
			projectRoot = "";
			targets = (
				74998D32221E8FF800A59531 /* JMExtension */,
				74998D4A221E8FF900A59531 /* JMExtensionTests */,
				74998D55221E8FF900A59531 /* JMExtensionUITests */,
			);
		};
/* End PBXProject section */

/* Begin PBXResourcesBuildPhase section */
		74998D31221E8FF800A59531 /* Resources */ = {
			isa = PBXResourcesBuildPhase;
			buildActionMask = 2147483647;
			files = (
				74998D43221E8FF800A59531 /* LaunchScreen.storyboard in Resources */,
				74998D40221E8FF800A59531 /* Assets.xcassets in Resources */,
				74998D3E221E8FF800A59531 /* Main.storyboard in Resources */,
			);
			runOnlyForDeploymentPostprocessing = 0;
		};
		74998D49221E8FF900A59531 /* Resources */ = {
			isa = PBXResourcesBuildPhase;
			buildActionMask = 2147483647;
			files = (
			);
			runOnlyForDeploymentPostprocessing = 0;
		};
		74998D54221E8FF900A59531 /* Resources */ = {
			isa = PBXResourcesBuildPhase;
			buildActionMask = 2147483647;
			files = (
			);
			runOnlyForDeploymentPostprocessing = 0;
		};
/* End PBXResourcesBuildPhase section */

/* Begin PBXSourcesBuildPhase section */
		74998D2F221E8FF800A59531 /* Sources */ = {
			isa = PBXSourcesBuildPhase;
			buildActionMask = 2147483647;
			files = (
				74998DCF221FEB7300A59531 /* CALayer+JMXibBorderColor.m in Sources */,
				74998DD9221FEB7300A59531 /* CALayer+JMKeyPath.m in Sources */,
				74998DD8221FEB7300A59531 /* UIView+JMAdaptScreen.m in Sources */,
				74998DD3221FEB7300A59531 /* UIButton+JMPosition.m in Sources */,
				74998DD4221FEB7300A59531 /* NSArray+JMSafe.m in Sources */,
				74998D3B221E8FF800A59531 /* ViewController.m in Sources */,
				74998DD0221FEB7300A59531 /* UIImage+JMMake.m in Sources */,
				74998DD1221FEB7300A59531 /* UIView+JMFrame.m in Sources */,
				74998D46221E8FF800A59531 /* main.m in Sources */,
				74998DD6221FEB7300A59531 /* NSMutableArray+JMSafe.m in Sources */,
				74998DDA221FEB7300A59531 /* NSLayoutConstraint+JMDesignable.m in Sources */,
				74998DD2221FEB7300A59531 /* NSObject+JMSwizzle.m in Sources */,
				74998DDB221FEB7300A59531 /* NSBundle+JMSource.m in Sources */,
				74998DD7221FEB7300A59531 /* NSMutableDictionary+JMSafe.m in Sources */,
				74998DD5221FEB7300A59531 /* NSString+JMCheckUp.m in Sources */,
				74998D38221E8FF800A59531 /* AppDelegate.m in Sources */,
				74998DDC221FEB7300A59531 /* UITextField+JMStyle.m in Sources */,
			);
			runOnlyForDeploymentPostprocessing = 0;
		};
		74998D47221E8FF900A59531 /* Sources */ = {
			isa = PBXSourcesBuildPhase;
			buildActionMask = 2147483647;
			files = (
				74998D50221E8FF900A59531 /* JMExtensionTests.m in Sources */,
			);
			runOnlyForDeploymentPostprocessing = 0;
		};
		74998D52221E8FF900A59531 /* Sources */ = {
			isa = PBXSourcesBuildPhase;
			buildActionMask = 2147483647;
			files = (
				74998D5B221E8FF900A59531 /* JMExtensionUITests.m in Sources */,
			);
			runOnlyForDeploymentPostprocessing = 0;
		};
/* End PBXSourcesBuildPhase section */

/* Begin PBXTargetDependency section */
		74998D4D221E8FF900A59531 /* PBXTargetDependency */ = {
			isa = PBXTargetDependency;
			target = 74998D32221E8FF800A59531 /* JMExtension */;
			targetProxy = 74998D4C221E8FF900A59531 /* PBXContainerItemProxy */;
		};
		74998D58221E8FF900A59531 /* PBXTargetDependency */ = {
			isa = PBXTargetDependency;
			target = 74998D32221E8FF800A59531 /* JMExtension */;
			targetProxy = 74998D57221E8FF900A59531 /* PBXContainerItemProxy */;
		};
/* End PBXTargetDependency section */

/* Begin PBXVariantGroup section */
		74998D3C221E8FF800A59531 /* Main.storyboard */ = {
			isa = PBXVariantGroup;
			children = (
				74998D3D221E8FF800A59531 /* Base */,
			);
			name = Main.storyboard;
			sourceTree = "<group>";
		};
		74998D41221E8FF800A59531 /* LaunchScreen.storyboard */ = {
			isa = PBXVariantGroup;
			children = (
				74998D42221E8FF800A59531 /* Base */,
			);
			name = LaunchScreen.storyboard;
			sourceTree = "<group>";
		};
/* End PBXVariantGroup section */

/* Begin XCBuildConfiguration section */
		74998D5D221E8FF900A59531 /* Debug */ = {
			isa = XCBuildConfiguration;
			buildSettings = {
				ALWAYS_SEARCH_USER_PATHS = NO;
				CLANG_ANALYZER_NONNULL = YES;
				CLANG_ANALYZER_NUMBER_OBJECT_CONVERSION = YES_AGGRESSIVE;
				CLANG_CXX_LANGUAGE_STANDARD = "gnu++14";
				CLANG_CXX_LIBRARY = "libc++";
				CLANG_ENABLE_MODULES = YES;
				CLANG_ENABLE_OBJC_ARC = YES;
				CLANG_ENABLE_OBJC_WEAK = YES;
				CLANG_WARN_BLOCK_CAPTURE_AUTORELEASING = YES;
				CLANG_WARN_BOOL_CONVERSION = YES;
				CLANG_WARN_COMMA = YES;
				CLANG_WARN_CONSTANT_CONVERSION = YES;
				CLANG_WARN_DEPRECATED_OBJC_IMPLEMENTATIONS = YES;
				CLANG_WARN_DIRECT_OBJC_ISA_USAGE = YES_ERROR;
				CLANG_WARN_DOCUMENTATION_COMMENTS = YES;
				CLANG_WARN_EMPTY_BODY = YES;
				CLANG_WARN_ENUM_CONVERSION = YES;
				CLANG_WARN_INFINITE_RECURSION = YES;
				CLANG_WARN_INT_CONVERSION = YES;
				CLANG_WARN_NON_LITERAL_NULL_CONVERSION = YES;
				CLANG_WARN_OBJC_IMPLICIT_RETAIN_SELF = YES;
				CLANG_WARN_OBJC_LITERAL_CONVERSION = YES;
				CLANG_WARN_OBJC_ROOT_CLASS = YES_ERROR;
				CLANG_WARN_RANGE_LOOP_ANALYSIS = YES;
				CLANG_WARN_STRICT_PROTOTYPES = YES;
				CLANG_WARN_SUSPICIOUS_MOVE = YES;
				CLANG_WARN_UNGUARDED_AVAILABILITY = YES_AGGRESSIVE;
				CLANG_WARN_UNREACHABLE_CODE = YES;
				CLANG_WARN__DUPLICATE_METHOD_MATCH = YES;
				CODE_SIGN_IDENTITY = "iPhone Developer";
				COPY_PHASE_STRIP = NO;
				DEBUG_INFORMATION_FORMAT = dwarf;
				ENABLE_STRICT_OBJC_MSGSEND = YES;
				ENABLE_TESTABILITY = YES;
				GCC_C_LANGUAGE_STANDARD = gnu11;
				GCC_DYNAMIC_NO_PIC = NO;
				GCC_NO_COMMON_BLOCKS = YES;
				GCC_OPTIMIZATION_LEVEL = 0;
				GCC_PREPROCESSOR_DEFINITIONS = (
					"DEBUG=1",
					"$(inherited)",
				);
				GCC_WARN_64_TO_32_BIT_CONVERSION = YES;
				GCC_WARN_ABOUT_RETURN_TYPE = YES_ERROR;
				GCC_WARN_UNDECLARED_SELECTOR = YES;
				GCC_WARN_UNINITIALIZED_AUTOS = YES_AGGRESSIVE;
				GCC_WARN_UNUSED_FUNCTION = YES;
				GCC_WARN_UNUSED_VARIABLE = YES;
				IPHONEOS_DEPLOYMENT_TARGET = 12.1;
				MTL_ENABLE_DEBUG_INFO = INCLUDE_SOURCE;
				MTL_FAST_MATH = YES;
				ONLY_ACTIVE_ARCH = YES;
				SDKROOT = iphoneos;
			};
			name = Debug;
		};
		74998D5E221E8FF900A59531 /* Release */ = {
			isa = XCBuildConfiguration;
			buildSettings = {
				ALWAYS_SEARCH_USER_PATHS = NO;
				CLANG_ANALYZER_NONNULL = YES;
				CLANG_ANALYZER_NUMBER_OBJECT_CONVERSION = YES_AGGRESSIVE;
				CLANG_CXX_LANGUAGE_STANDARD = "gnu++14";
				CLANG_CXX_LIBRARY = "libc++";
				CLANG_ENABLE_MODULES = YES;
				CLANG_ENABLE_OBJC_ARC = YES;
				CLANG_ENABLE_OBJC_WEAK = YES;
				CLANG_WARN_BLOCK_CAPTURE_AUTORELEASING = YES;
				CLANG_WARN_BOOL_CONVERSION = YES;
				CLANG_WARN_COMMA = YES;
				CLANG_WARN_CONSTANT_CONVERSION = YES;
				CLANG_WARN_DEPRECATED_OBJC_IMPLEMENTATIONS = YES;
				CLANG_WARN_DIRECT_OBJC_ISA_USAGE = YES_ERROR;
				CLANG_WARN_DOCUMENTATION_COMMENTS = YES;
				CLANG_WARN_EMPTY_BODY = YES;
				CLANG_WARN_ENUM_CONVERSION = YES;
				CLANG_WARN_INFINITE_RECURSION = YES;
				CLANG_WARN_INT_CONVERSION = YES;
				CLANG_WARN_NON_LITERAL_NULL_CONVERSION = YES;
				CLANG_WARN_OBJC_IMPLICIT_RETAIN_SELF = YES;
				CLANG_WARN_OBJC_LITERAL_CONVERSION = YES;
				CLANG_WARN_OBJC_ROOT_CLASS = YES_ERROR;
				CLANG_WARN_RANGE_LOOP_ANALYSIS = YES;
				CLANG_WARN_STRICT_PROTOTYPES = YES;
				CLANG_WARN_SUSPICIOUS_MOVE = YES;
				CLANG_WARN_UNGUARDED_AVAILABILITY = YES_AGGRESSIVE;
				CLANG_WARN_UNREACHABLE_CODE = YES;
				CLANG_WARN__DUPLICATE_METHOD_MATCH = YES;
				CODE_SIGN_IDENTITY = "iPhone Developer";
				COPY_PHASE_STRIP = NO;
				DEBUG_INFORMATION_FORMAT = "dwarf-with-dsym";
				ENABLE_NS_ASSERTIONS = NO;
				ENABLE_STRICT_OBJC_MSGSEND = YES;
				GCC_C_LANGUAGE_STANDARD = gnu11;
				GCC_NO_COMMON_BLOCKS = YES;
				GCC_WARN_64_TO_32_BIT_CONVERSION = YES;
				GCC_WARN_ABOUT_RETURN_TYPE = YES_ERROR;
				GCC_WARN_UNDECLARED_SELECTOR = YES;
				GCC_WARN_UNINITIALIZED_AUTOS = YES_AGGRESSIVE;
				GCC_WARN_UNUSED_FUNCTION = YES;
				GCC_WARN_UNUSED_VARIABLE = YES;
				IPHONEOS_DEPLOYMENT_TARGET = 12.1;
				MTL_ENABLE_DEBUG_INFO = NO;
				MTL_FAST_MATH = YES;
				SDKROOT = iphoneos;
				VALIDATE_PRODUCT = YES;
			};
			name = Release;
		};
		74998D60221E8FF900A59531 /* Debug */ = {
			isa = XCBuildConfiguration;
			buildSettings = {
				ASSETCATALOG_COMPILER_APPICON_NAME = AppIcon;
				CODE_SIGN_STYLE = Automatic;
				INFOPLIST_FILE = JMExtension/Info.plist;
				LD_RUNPATH_SEARCH_PATHS = (
					"$(inherited)",
					"@executable_path/Frameworks",
				);
				PRODUCT_BUNDLE_IDENTIFIER = com.shenzoom.ijs.JMExtension;
				PRODUCT_NAME = "$(TARGET_NAME)";
				TARGETED_DEVICE_FAMILY = "1,2";
			};
			name = Debug;
		};
		74998D61221E8FF900A59531 /* Release */ = {
			isa = XCBuildConfiguration;
			buildSettings = {
				ASSETCATALOG_COMPILER_APPICON_NAME = AppIcon;
				CODE_SIGN_STYLE = Automatic;
				INFOPLIST_FILE = JMExtension/Info.plist;
				LD_RUNPATH_SEARCH_PATHS = (
					"$(inherited)",
					"@executable_path/Frameworks",
				);
				PRODUCT_BUNDLE_IDENTIFIER = com.shenzoom.ijs.JMExtension;
				PRODUCT_NAME = "$(TARGET_NAME)";
				TARGETED_DEVICE_FAMILY = "1,2";
			};
			name = Release;
		};
		74998D63221E8FF900A59531 /* Debug */ = {
			isa = XCBuildConfiguration;
			buildSettings = {
				BUNDLE_LOADER = "$(TEST_HOST)";
				CODE_SIGN_STYLE = Automatic;
				INFOPLIST_FILE = JMExtensionTests/Info.plist;
				LD_RUNPATH_SEARCH_PATHS = (
					"$(inherited)",
					"@executable_path/Frameworks",
					"@loader_path/Frameworks",
				);
				PRODUCT_BUNDLE_IDENTIFIER = com.shenzoom.ijs.JMExtensionTests;
				PRODUCT_NAME = "$(TARGET_NAME)";
				TARGETED_DEVICE_FAMILY = "1,2";
				TEST_HOST = "$(BUILT_PRODUCTS_DIR)/JMExtension.app/JMExtension";
			};
			name = Debug;
		};
		74998D64221E8FF900A59531 /* Release */ = {
			isa = XCBuildConfiguration;
			buildSettings = {
				BUNDLE_LOADER = "$(TEST_HOST)";
				CODE_SIGN_STYLE = Automatic;
				INFOPLIST_FILE = JMExtensionTests/Info.plist;
				LD_RUNPATH_SEARCH_PATHS = (
					"$(inherited)",
					"@executable_path/Frameworks",
					"@loader_path/Frameworks",
				);
				PRODUCT_BUNDLE_IDENTIFIER = com.shenzoom.ijs.JMExtensionTests;
				PRODUCT_NAME = "$(TARGET_NAME)";
				TARGETED_DEVICE_FAMILY = "1,2";
				TEST_HOST = "$(BUILT_PRODUCTS_DIR)/JMExtension.app/JMExtension";
			};
			name = Release;
		};
		74998D66221E8FF900A59531 /* Debug */ = {
			isa = XCBuildConfiguration;
			buildSettings = {
				CODE_SIGN_STYLE = Automatic;
				INFOPLIST_FILE = JMExtensionUITests/Info.plist;
				LD_RUNPATH_SEARCH_PATHS = (
					"$(inherited)",
					"@executable_path/Frameworks",
					"@loader_path/Frameworks",
				);
				PRODUCT_BUNDLE_IDENTIFIER = com.shenzoom.ijs.JMExtensionUITests;
				PRODUCT_NAME = "$(TARGET_NAME)";
				TARGETED_DEVICE_FAMILY = "1,2";
				TEST_TARGET_NAME = JMExtension;
			};
			name = Debug;
		};
		74998D67221E8FF900A59531 /* Release */ = {
			isa = XCBuildConfiguration;
			buildSettings = {
				CODE_SIGN_STYLE = Automatic;
				INFOPLIST_FILE = JMExtensionUITests/Info.plist;
				LD_RUNPATH_SEARCH_PATHS = (
					"$(inherited)",
					"@executable_path/Frameworks",
					"@loader_path/Frameworks",
				);
				PRODUCT_BUNDLE_IDENTIFIER = com.shenzoom.ijs.JMExtensionUITests;
				PRODUCT_NAME = "$(TARGET_NAME)";
				TARGETED_DEVICE_FAMILY = "1,2";
				TEST_TARGET_NAME = JMExtension;
			};
			name = Release;
		};
/* End XCBuildConfiguration section */

/* Begin XCConfigurationList section */
		74998D2E221E8FF800A59531 /* Build configuration list for PBXProject "JMExtension" */ = {
			isa = XCConfigurationList;
			buildConfigurations = (
				74998D5D221E8FF900A59531 /* Debug */,
				74998D5E221E8FF900A59531 /* Release */,
			);
			defaultConfigurationIsVisible = 0;
			defaultConfigurationName = Release;
		};
		74998D5F221E8FF900A59531 /* Build configuration list for PBXNativeTarget "JMExtension" */ = {
			isa = XCConfigurationList;
			buildConfigurations = (
				74998D60221E8FF900A59531 /* Debug */,
				74998D61221E8FF900A59531 /* Release */,
			);
			defaultConfigurationIsVisible = 0;
			defaultConfigurationName = Release;
		};
		74998D62221E8FF900A59531 /* Build configuration list for PBXNativeTarget "JMExtensionTests" */ = {
			isa = XCConfigurationList;
			buildConfigurations = (
				74998D63221E8FF900A59531 /* Debug */,
				74998D64221E8FF900A59531 /* Release */,
			);
			defaultConfigurationIsVisible = 0;
			defaultConfigurationName = Release;
		};
		74998D65221E8FF900A59531 /* Build configuration list for PBXNativeTarget "JMExtensionUITests" */ = {
			isa = XCConfigurationList;
			buildConfigurations = (
				74998D66221E8FF900A59531 /* Debug */,
				74998D67221E8FF900A59531 /* Release */,
			);
			defaultConfigurationIsVisible = 0;
			defaultConfigurationName = Release;
		};
/* End XCConfigurationList section */
	};
	rootObject = 74998D2B221E8FF800A59531 /* Project object */;
}
